{
  "nodes": {
    "firefox-addons": {
      "inputs": {
        "nixpkgs": [
          "nixpkgs"
        ]
      },
      "locked": {
        "dir": "pkgs/firefox-addons",
        "lastModified": 1790497510,
        "narHash": "sha256-0T3eZTD8zw3cEZflN066yGST6CNtO7qm9mMkMN0asRc=",
        "owner": "rycee",
        "repo": "nur-expressions",
        "rev": "f91d27101fb8ef07a714f63dd5e7eecb3d84e9cd",
        "type": "gitlab"
      },
      "original": {
        "dir": "pkgs/firefox-addons",
        "owner": "rycee",
        "repo": "nur-expressions",
        "type": "gitlab"
      }
    },
    "flake-parts": {
      "inputs": {
        "nixpkgs-lib": [
          "nixvim",
          "nixpkgs"
        ]
      },
      "locked": {
        "lastModified": 1788450739,
        "narHash": "sha256-glZLQlzIn1fXH6PazR2iUmTo7kzzyYSshrWhLS9TqCU=",
        "owner": "hercules-ci",
        "repo": "flake-parts",
        "rev": "31729ca8cbdb4fa927b34e5f4353e6a83f39e993",
        "type": "github"
      },
      "original": {
        "owner": "hercules-ci",
        "repo": "flake-parts",
        "type": "github"
      }
    },
    "home-manager": {
      "inputs": {
        "nixpkgs": [
          "nixpkgs"
        ]
      },
      "locked": {
        "lastModified": 1787377438,
        "narHash": "sha256-Sxu1NLTD/Ern6hFGLlZmtKCSct3YQXZI/lls8RE1XeM=",
        "owner": "nix-community",
        "repo": "home-manager",
        "rev": "65258d5c65a250189fde2e35f490d15e064c4c62",
        "type": "github"
      },
      "original": {
        "owner": "nix-community",
        "ref": "release-26.05",
        "repo": "home-manager",
        "type": "github"
      }
    },
    "nix-colorizer": {
      "locked": {
        "lastModified": 1750078528,
        "narHash": "sha256-NuGAJx61f/r0xrpyOTUEsO+MDNpso0qE99k2/apv3as=",
        "owner": "nutsalhan87",
        "repo": "nix-colorizer",
        "rev": "c9ce6c710f4ed749f773104a8092a3e542dd1d7c",
        "type": "github"
      },
      "original": {
        "owner": "nutsalhan87",
        "repo": "nix-colorizer",
        "type": "github"
      }
    },
    "nixpkgs": {
      "locked": {
        "lastModified": 1787962033,
        "narHash": "sha256-u6z9VTZA4Kf3RkHQo9sQI7NI4Ei/uiU9vrMqOiwWP1Y=",
        "owner": "nixos",
        "repo": "nixpkgs",
        "rev": "c5c4a43b0e8056328ec4529f735cabdb8f1942bb",
        "type": "github"
      },
      "original": {
        "owner": "nixos",
        "ref": "nixos-26.05",
        "repo": "nixpkgs",
        "type": "github"
      }
    },
    "nixvim": {
      "inputs": {
        "flake-parts": "flake-parts",
        "nixpkgs": [
          "nixpkgs"
        ],
        "systems": "systems"
      },
      "locked": {
        "lastModified": 1789959143,
        "narHash": "sha256-9oBHyJtUyunZL+6v0Ub8Y759cXcejQiTHpXtGcx5RLs=",
        "owner": "nix-community",
        "repo": "nixvim",
        "rev": "4836e77b1798cd42e2de28593bec4c1788da08f5",
        "type": "github"
      },
      "original": {
        "owner": "nix-community",
        "ref": "nixos-26.05",
        "repo": "nixvim",
        "type": "github"
      }
    },
    "qogir-theme-fork": {
      "inputs": {
        "nixpkgs": [
          "nixpkgs"
        ]
      },
      "locked": {
        "lastModified": 1790553269,
        "narHash": "sha256-neJvOKVcpVfcW2rHdJ6nZBEqMSjCq7t0pdXQMgowMns=",
        "owner": "LambBread",
        "repo": "Qogir-theme",
        "rev": "d292e080a16378ed9d95ae2e0dbfd0c707b68e8e",
        "type": "github"
      },
      "original": {
        "owner": "LambBread",
        "repo": "Qogir-theme",
        "type": "github"
      }
    },
    "root": {
      "inputs": {
        "firefox-addons": "firefox-addons",
        "home-manager": "home-manager",
        "nix-colorizer": "nix-colorizer",
        "nixpkgs": "nixpkgs",
        "nixvim": "nixvim",
        "qogir-theme-fork": "qogir-theme-fork",
        "rowaita-icon-theme": "rowaita-icon-theme"
      }
    },
    "rowaita-icon-theme": {
      "inputs": {
        "nix-colorizer": [
          "nix-colorizer"
        ],
        "nixpkgs": [
          "nixpkgs"
        ]
      },
      "locked": {
        "lastModified": 1791504429,
        "narHash": "sha256-nS+Jfc0UbmswK3Pp4fwitFEHhI+fxgcX9MHJ8Nu8RXs=",
        "owner": "LambBread",
        "repo": "rowaita-icon-theme",
        "rev": "0b7b435709e97541de334963f9f46b4bdeaa1b8b",
        "type": "github"
      },
      "original": {
        "owner": "LambBread",
        "repo": "rowaita-icon-theme",
        "type": "github"
      }
    },
    "systems": {
      "locked": {
        "lastModified": 1681028828,
        "narHash": "sha256-Vy1rq5AaRuLzOxct8nz4T6wlgyUR7zLU309k9mBC768=",
        "owner": "nix-systems",
        "repo": "default",
        "rev": "da67096a3b9bf56a91d16901293e51ba5b49a27e",
        "type": "github"
      },
      "original": {
        "owner": "nix-systems",
        "repo": "default",
        "type": "github"
      }
    }
  },
  "root": "root",
  "version": 7
}
